
Microsoft Visual Studio Solution File, Format Version 12.00
# Visual Studio Version 16
VisualStudioVersion = 16.0.31129.286
MinimumVisualStudioVersion = 10.0.40219.1
Project("{FAE04EC0-301F-11D3-BF4B-00C04F79EFBC}") = "NeedhamSchroeder_Server", "NeedhamSchroeder_Server\NeedhamSchroeder_Server.csproj", "{1D634748-DAFD-4136-B8E3-920E9DE63D13}"
EndProject
Project("{FAE04EC0-301F-11D3-BF4B-00C04F79EFBC}") = "NeedhamSchroeder_Client", "NeedhamSchroeder_Client\NeedhamSchroeder_Client.csproj", "{72BF8BD7-466C-4F69-AF11-36983EC4C75A}"
EndProject
Project("{FAE04EC0-301F-11D3-BF4B-00C04F79EFBC}") = "NeedhamSchroeder_Center", "NeedhamSchroeder_Center\NeedhamSchroeder_Center.csproj", "{9AA9B04E-AE64-4D1F-B916-32C3CE95C490}"
EndProject
Global
	GlobalSection(SolutionConfigurationPlatforms) = preSolution
		Debug|Any CPU = Debug|Any CPU
		Release|Any CPU = Release|Any CPU
	EndGlobalSection
	GlobalSection(ProjectConfigurationPlatforms) = postSolution
		{1D634748-DAFD-4136-B8E3-920E9DE63D13}.Debug|Any CPU.ActiveCfg = Debug|Any CPU
		{1D634748-DAFD-4136-B8E3-920E9DE63D13}.Debug|Any CPU.Build.0 = Debug|Any CPU
		{1D634748-DAFD-4136-B8E3-920E9DE63D13}.Release|Any CPU.ActiveCfg = Release|Any CPU
		{1D634748-DAFD-4136-B8E3-920E9DE63D13}.Release|Any CPU.Build.0 = Release|Any CPU
		{72BF8BD7-466C-4F69-AF11-36983EC4C75A}.Debug|Any CPU.ActiveCfg = Debug|Any CPU
		{72BF8BD7-466C-4F69-AF11-36983EC4C75A}.Debug|Any CPU.Build.0 = Debug|Any CPU
		{72BF8BD7-466C-4F69-AF11-36983EC4C75A}.Release|Any CPU.ActiveCfg = Release|Any CPU
		{72BF8BD7-466C-4F69-AF11-36983EC4C75A}.Release|Any CPU.Build.0 = Release|Any CPU
		{9AA9B04E-AE64-4D1F-B916-32C3CE95C490}.Debug|Any CPU.ActiveCfg = Debug|Any CPU
		{9AA9B04E-AE64-4D1F-B916-32C3CE95C490}.Debug|Any CPU.Build.0 = Debug|Any CPU
		{9AA9B04E-AE64-4D1F-B916-32C3CE95C490}.Release|Any CPU.ActiveCfg = Release|Any CPU
		{9AA9B04E-AE64-4D1F-B916-32C3CE95C490}.Release|Any CPU.Build.0 = Release|Any CPU
	EndGlobalSection
	GlobalSection(SolutionProperties) = preSolution
		HideSolutionNode = FALSE
	EndGlobalSection
	GlobalSection(ExtensibilityGlobals) = postSolution
		SolutionGuid = {DFD69DDF-0E6A-416C-A603-1D1BE4599C5E}
	EndGlobalSection
EndGlobal
