
Microsoft Visual Studio Solution File, Format Version 12.00
# Visual Studio Version 16
VisualStudioVersion = 16.0.31129.286
MinimumVisualStudioVersion = 10.0.40219.1
Project("{FAE04EC0-301F-11D3-BF4B-00C04F79EFBC}") = "CheckWord", "CheckWord.csproj", "{CA6C380A-7149-403B-8980-81B9EF21A33D}"
EndProject
Global
	GlobalSection(SolutionConfigurationPlatforms) = preSolution
		Debug|Any CPU = Debug|Any CPU
		Release|Any CPU = Release|Any CPU
	EndGlobalSection
	GlobalSection(ProjectConfigurationPlatforms) = postSolution
		{CA6C380A-7149-403B-8980-81B9EF21A33D}.Debug|Any CPU.ActiveCfg = Debug|Any CPU
		{CA6C380A-7149-403B-8980-81B9EF21A33D}.Debug|Any CPU.Build.0 = Debug|Any CPU
		{CA6C380A-7149-403B-8980-81B9EF21A33D}.Release|Any CPU.ActiveCfg = Release|Any CPU
		{CA6C380A-7149-403B-8980-81B9EF21A33D}.Release|Any CPU.Build.0 = Release|Any CPU
	EndGlobalSection
	GlobalSection(SolutionProperties) = preSolution
		HideSolutionNode = FALSE
	EndGlobalSection
	GlobalSection(ExtensibilityGlobals) = postSolution
		SolutionGuid = {F84FE82E-C683-4FAE-B07C-9D5AFA66E708}
	EndGlobalSection
EndGlobal
