
Microsoft Visual Studio Solution File, Format Version 12.00
# Visual Studio Version 16
VisualStudioVersion = 16.0.31129.286
MinimumVisualStudioVersion = 10.0.40219.1
Project("{FAE04EC0-301F-11D3-BF4B-00C04F79EFBC}") = "Vernam", "Vernam.csproj", "{B300C1F7-42CB-4668-9CCB-319D6AF8E3EB}"
EndProject
Global
	GlobalSection(SolutionConfigurationPlatforms) = preSolution
		Debug|x64 = Debug|x64
		Release|x64 = Release|x64
	EndGlobalSection
	GlobalSection(ProjectConfigurationPlatforms) = postSolution
		{B300C1F7-42CB-4668-9CCB-319D6AF8E3EB}.Debug|x64.ActiveCfg = Debug|x64
		{B300C1F7-42CB-4668-9CCB-319D6AF8E3EB}.Debug|x64.Build.0 = Debug|x64
		{B300C1F7-42CB-4668-9CCB-319D6AF8E3EB}.Release|x64.ActiveCfg = Release|x64
		{B300C1F7-42CB-4668-9CCB-319D6AF8E3EB}.Release|x64.Build.0 = Release|x64
	EndGlobalSection
	GlobalSection(SolutionProperties) = preSolution
		HideSolutionNode = FALSE
	EndGlobalSection
	GlobalSection(ExtensibilityGlobals) = postSolution
		SolutionGuid = {75D7B304-46B8-440D-B954-C78201DF5BCA}
	EndGlobalSection
EndGlobal
